
Microsoft Visual Studio Solution File, Format Version 12.00
# Visual Studio Version 17
VisualStudioVersion = 17.0.32112.339
MinimumVisualStudioVersion = 10.0.40219.1
Project("{FAE04EC0-301F-11D3-BF4B-00C04F79EFBC}") = "BatteryNotifier", "BatteryNotifier.csproj", "{585893E7-3F24-40CD-B062-D3E41608891D}"
EndProject
Global
	GlobalSection(SolutionConfigurationPlatforms) = preSolution
		Debug|Any CPU = Debug|Any CPU
		Release|Any CPU = Release|Any CPU
	EndGlobalSection
	GlobalSection(ProjectConfigurationPlatforms) = postSolution
		{585893E7-3F24-40CD-B062-D3E41608891D}.Debug|Any CPU.ActiveCfg = Debug|Any CPU
		{585893E7-3F24-40CD-B062-D3E41608891D}.Debug|Any CPU.Build.0 = Debug|Any CPU
		{585893E7-3F24-40CD-B062-D3E41608891D}.Release|Any CPU.ActiveCfg = Release|Any CPU
		{585893E7-3F24-40CD-B062-D3E41608891D}.Release|Any CPU.Build.0 = Release|Any CPU
	EndGlobalSection
	GlobalSection(SolutionProperties) = preSolution
		HideSolutionNode = FALSE
	EndGlobalSection
	GlobalSection(ExtensibilityGlobals) = postSolution
		SolutionGuid = {F5E427AD-AD48-45CB-8CA7-1179819DBCAA}
	EndGlobalSection
EndGlobal
