
Microsoft Visual Studio Solution File, Format Version 12.00
Project("{FAE04EC0-301F-11D3-BF4B-00C04F79EFBC}") = "BatteryNotifier.Avalonia", "BatteryNotifier.Avalonia\BatteryNotifier.Avalonia.csproj", "{537B4883-6E99-412F-BE37-5B0D562F56E8}"
EndProject
Project("{FAE04EC0-301F-11D3-BF4B-00C04F79EFBC}") = "BatteryNotifier.Core", "BatteryNotifier.Core\BatteryNotifier.Core.csproj", "{78F311D8-505A-434D-A166-B2F36311791C}"
EndProject
Project("{FAE04EC0-301F-11D3-BF4B-00C04F79EFBC}") = "BatteryNotifier.Tests", "BatteryNotifier.Tests\BatteryNotifier.Tests.csproj", "{2B05A2A7-D338-4D9E-AB4D-CE1EB7045217}"
EndProject
Global
	GlobalSection(SolutionConfigurationPlatforms) = preSolution
		Debug|Any CPU = Debug|Any CPU
		Debug|x64 = Debug|x64
		Debug|x86 = Debug|x86
		Release|Any CPU = Release|Any CPU
		Release|x64 = Release|x64
		Release|x86 = Release|x86
	EndGlobalSection
	GlobalSection(ProjectConfigurationPlatforms) = postSolution
		{537B4883-6E99-412F-BE37-5B0D562F56E8}.Debug|Any CPU.ActiveCfg = Debug|Any CPU
		{537B4883-6E99-412F-BE37-5B0D562F56E8}.Debug|Any CPU.Build.0 = Debug|Any CPU
		{537B4883-6E99-412F-BE37-5B0D562F56E8}.Debug|x64.ActiveCfg = Debug|Any CPU
		{537B4883-6E99-412F-BE37-5B0D562F56E8}.Debug|x64.Build.0 = Debug|Any CPU
		{537B4883-6E99-412F-BE37-5B0D562F56E8}.Debug|x86.ActiveCfg = Debug|Any CPU
		{537B4883-6E99-412F-BE37-5B0D562F56E8}.Debug|x86.Build.0 = Debug|Any CPU
		{537B4883-6E99-412F-BE37-5B0D562F56E8}.Release|Any CPU.ActiveCfg = Release|Any CPU
		{537B4883-6E99-412F-BE37-5B0D562F56E8}.Release|Any CPU.Build.0 = Release|Any CPU
		{537B4883-6E99-412F-BE37-5B0D562F56E8}.Release|x64.ActiveCfg = Release|Any CPU
		{537B4883-6E99-412F-BE37-5B0D562F56E8}.Release|x64.Build.0 = Release|Any CPU
		{537B4883-6E99-412F-BE37-5B0D562F56E8}.Release|x86.ActiveCfg = Release|Any CPU
		{537B4883-6E99-412F-BE37-5B0D562F56E8}.Release|x86.Build.0 = Release|Any CPU
		{78F311D8-505A-434D-A166-B2F36311791C}.Debug|Any CPU.ActiveCfg = Debug|Any CPU
		{78F311D8-505A-434D-A166-B2F36311791C}.Debug|Any CPU.Build.0 = Debug|Any CPU
		{78F311D8-505A-434D-A166-B2F36311791C}.Debug|x64.ActiveCfg = Debug|Any CPU
		{78F311D8-505A-434D-A166-B2F36311791C}.Debug|x64.Build.0 = Debug|Any CPU
		{78F311D8-505A-434D-A166-B2F36311791C}.Debug|x86.ActiveCfg = Debug|Any CPU
		{78F311D8-505A-434D-A166-B2F36311791C}.Debug|x86.Build.0 = Debug|Any CPU
		{78F311D8-505A-434D-A166-B2F36311791C}.Release|Any CPU.ActiveCfg = Release|Any CPU
		{78F311D8-505A-434D-A166-B2F36311791C}.Release|Any CPU.Build.0 = Release|Any CPU
		{78F311D8-505A-434D-A166-B2F36311791C}.Release|x64.ActiveCfg = Release|Any CPU
		{78F311D8-505A-434D-A166-B2F36311791C}.Release|x64.Build.0 = Release|Any CPU
		{78F311D8-505A-434D-A166-B2F36311791C}.Release|x86.ActiveCfg = Release|Any CPU
		{78F311D8-505A-434D-A166-B2F36311791C}.Release|x86.Build.0 = Release|Any CPU
		{2B05A2A7-D338-4D9E-AB4D-CE1EB7045217}.Debug|Any CPU.ActiveCfg = Debug|Any CPU
		{2B05A2A7-D338-4D9E-AB4D-CE1EB7045217}.Debug|Any CPU.Build.0 = Debug|Any CPU
		{2B05A2A7-D338-4D9E-AB4D-CE1EB7045217}.Debug|x64.ActiveCfg = Debug|Any CPU
		{2B05A2A7-D338-4D9E-AB4D-CE1EB7045217}.Debug|x64.Build.0 = Debug|Any CPU
		{2B05A2A7-D338-4D9E-AB4D-CE1EB7045217}.Debug|x86.ActiveCfg = Debug|Any CPU
		{2B05A2A7-D338-4D9E-AB4D-CE1EB7045217}.Debug|x86.Build.0 = Debug|Any CPU
		{2B05A2A7-D338-4D9E-AB4D-CE1EB7045217}.Release|Any CPU.ActiveCfg = Release|Any CPU
		{2B05A2A7-D338-4D9E-AB4D-CE1EB7045217}.Release|Any CPU.Build.0 = Release|Any CPU
		{2B05A2A7-D338-4D9E-AB4D-CE1EB7045217}.Release|x64.ActiveCfg = Release|Any CPU
		{2B05A2A7-D338-4D9E-AB4D-CE1EB7045217}.Release|x64.Build.0 = Release|Any CPU
		{2B05A2A7-D338-4D9E-AB4D-CE1EB7045217}.Release|x86.ActiveCfg = Release|Any CPU
		{2B05A2A7-D338-4D9E-AB4D-CE1EB7045217}.Release|x86.Build.0 = Release|Any CPU
	EndGlobalSection
	GlobalSection(SolutionProperties) = preSolution
		HideSolutionNode = FALSE
	EndGlobalSection
EndGlobal
